{
  "name": "datomspace-client",
  "version": "1.0.0",
  "lockfileVersion": 2,
  "requires": true,
  "packages": {
    "": {
      "name": "datomspace-client",
      "version": "1.0.0",
      "license": "MIT",
      "dependencies": {
        "call-me-maybe": "^1.0.1",
        "codecs": "^2.1.0",
        "datom-streams": "^1.0.0",
        "datomspace-rpc": "^1.0.0",
        "freemap": "^1.0.0",
        "inspect-custom-symbol": "^1.1.1",
        "nanoresource-promise": "^1.2.2"
      }
    },
    "node_modules/arpeecee": {
      "version": "2.2.0",
      "resolved": "https://registry.npmjs.org/arpeecee/-/arpeecee-2.2.0.tgz",
      "integrity": "sha512-K6TLPj72xmqyC8sV0CgUWqO5GqmxT6Vn/y8JdraUqpTchWeOQMslvPuqACsD77cnsx/Y0Xq0lkQFzqh/uLD9lw==",
      "dependencies": {
        "streamx": "^2.6.0",
        "varint": "^5.0.0"
      }
    },
    "node_modules/b4a": {
      "version": "1.6.0",
      "resolved": "https://registry.npmjs.org/b4a/-/b4a-1.6.0.tgz",
      "integrity": "sha512-fsTxXxj1081Yq5MOQ06gZ5+e2QcSyP2U6NofdOWyq+lrNI4IjkZ+fLVmoQ6uUCiNg1NWePMMVq93vOTdbJmErw=="
    },
    "node_modules/call-me-maybe": {
      "version": "1.0.1",
      "resolved": "https://registry.npmjs.org/call-me-maybe/-/call-me-maybe-1.0.1.tgz",
      "integrity": "sha512-wCyFsDQkKPwwF8BDwOiWNx/9K45L/hvggQiDbve+viMNMQnWhrlYIuBk09offfwCRtCO9P6XwUttufzU11WCVw=="
    },
    "node_modules/codecs": {
      "version": "2.2.0",
      "resolved": "https://registry.npmjs.org/codecs/-/codecs-2.2.0.tgz",
      "integrity": "sha512-+xi2ENsvchtUNa8oBUU58gHgmyN6BEEeZ8NIEgeQ0XnC+AoyihivgZYe+OOiNi+fLy/NUowugwV5gP8XWYDm0Q=="
    },
    "node_modules/datom-streams": {
      "version": "1.0.0",
      "resolved": "https://registry.npmjs.org/datom-streams/-/datom-streams-1.0.0.tgz",
      "integrity": "sha512-SXwve+KXUbAhmZIFHNj9guajviPYDRzsEUTeovaV5MoLKXwYK7i4051npr18iAOaonTXcXt13tGjdanh2ukXuQ==",
      "dependencies": {
        "streamx": "^2.6.0"
      }
    },
    "node_modules/datomspace-rpc": {
      "version": "1.0.0",
      "resolved": "https://registry.npmjs.org/datomspace-rpc/-/datomspace-rpc-1.0.0.tgz",
      "integrity": "sha512-AjnrDc7dZxadxAKyNxfdf1Vn/rZf0JTSDvMzVmEzqLbggboxbbuoSNMBKSPLjb356Li/cdO6msmLe7PPLb5DKg==",
      "dependencies": {
        "hrpc-runtime": "^2.0.0"
      }
    },
    "node_modules/fast-fifo": {
      "version": "1.1.0",
      "resolved": "https://registry.npmjs.org/fast-fifo/-/fast-fifo-1.1.0.tgz",
      "integrity": "sha512-Kl29QoNbNvn4nhDsLYjyIAaIqaJB6rBx5p3sL9VjaefJ+eMFBWVZiaoguaoZfzEKr5RhAti0UgM8703akGPJ6g=="
    },
    "node_modules/freemap": {
      "version": "1.0.1",
      "resolved": "https://registry.npmjs.org/freemap/-/freemap-1.0.1.tgz",
      "integrity": "sha512-14wmuUdlwYz3KrXwbtHe30k4oHnpDQjFrbx3GIkqZjE64hpwa6WDpvs/8p+08kZbhnip49Z58PX8t08E3H8m1g=="
    },
    "node_modules/hrpc-runtime": {
      "version": "2.1.1",
      "resolved": "https://registry.npmjs.org/hrpc-runtime/-/hrpc-runtime-2.1.1.tgz",
      "integrity": "sha512-L9fSE/eMnJat/9TtlOVKFAiw2SlvB5RH/QbtSaNcYW/oWX1lBxwdrVTTcNOCWnSNLhDBgg5llxj9oM2SACB8WA==",
      "dependencies": {
        "arpeecee": "^2.0.0",
        "protocol-buffers-encodings": "^1.1.0"
      }
    },
    "node_modules/inherits": {
      "version": "2.0.4",
      "resolved": "https://registry.npmjs.org/inherits/-/inherits-2.0.4.tgz",
      "integrity": "sha512-k/vGaX4/Yla3WzyMCvTQOXYeIHvqOKtnqBduzTHpzpQZzAskKMhZ2K+EnBiSM9zGSoIFeMpXKxa4dYeZIQqewQ=="
    },
    "node_modules/inspect-custom-symbol": {
      "version": "1.1.1",
      "resolved": "https://registry.npmjs.org/inspect-custom-symbol/-/inspect-custom-symbol-1.1.1.tgz",
      "integrity": "sha512-GOucsp9EcdlLdhPUyOTvQDnbFJtp2WBWZV1Jqe+mVnkJQBL3w96+fB84C+JL+EKXOspMdB0eMDQPDp5w9fkfZA=="
    },
    "node_modules/nanoresource": {
      "version": "1.3.0",
      "resolved": "https://registry.npmjs.org/nanoresource/-/nanoresource-1.3.0.tgz",
      "integrity": "sha512-OI5dswqipmlYfyL3k/YMm7mbERlh4Bd1KuKdMHpeoVD1iVxqxaTMKleB4qaA2mbQZ6/zMNSxCXv9M9P/YbqTuQ==",
      "dependencies": {
        "inherits": "^2.0.4"
      }
    },
    "node_modules/nanoresource-promise": {
      "version": "1.2.2",
      "resolved": "https://registry.npmjs.org/nanoresource-promise/-/nanoresource-promise-1.2.2.tgz",
      "integrity": "sha512-XCRcRrCoTifA6XJqYaMqlHgWFrAq6aGNnXboRa/Dxa0TNkm3S13+RWCD7/XaB4ySunAmZzx81++OS4kqkDynuA==",
      "dependencies": {
        "nanoresource": "^1.3.0"
      }
    },
    "node_modules/protocol-buffers-encodings": {
      "version": "1.2.0",
      "resolved": "https://registry.npmjs.org/protocol-buffers-encodings/-/protocol-buffers-encodings-1.2.0.tgz",
      "integrity": "sha512-daeNPuKh1NlLD1uDfbLpD+xyUTc07nEtfHwmBZmt/vH0B7VOM+JOCOpDcx9ZRpqHjAiIkGqyTDi+wfGSl17R9w==",
      "dependencies": {
        "b4a": "^1.6.0",
        "signed-varint": "^2.0.1",
        "varint": "5.0.0"
      }
    },
    "node_modules/protocol-buffers-encodings/node_modules/varint": {
      "version": "5.0.0",
      "resolved": "https://registry.npmjs.org/varint/-/varint-5.0.0.tgz",
      "integrity": "sha512-gC13b/bWrqQoKY2EmROCZ+AR0jitc6DnDGaQ6Ls9QpKmuSgJB1eQ7H3KETtQm7qSdMWMKCmsshyCmUwMLh3OAA=="
    },
    "node_modules/queue-tick": {
      "version": "1.0.0",
      "resolved": "https://registry.npmjs.org/queue-tick/-/queue-tick-1.0.0.tgz",
      "integrity": "sha512-ULWhjjE8BmiICGn3G8+1L9wFpERNxkf8ysxkAer4+TFdRefDaXOCV5m92aMB9FtBVmn/8sETXLXY6BfW7hyaWQ=="
    },
    "node_modules/signed-varint": {
      "version": "2.0.1",
      "resolved": "https://registry.npmjs.org/signed-varint/-/signed-varint-2.0.1.tgz",
      "integrity": "sha512-abgDPg1106vuZZOvw7cFwdCABddfJRz5akcCcchzTbhyhYnsG31y4AlZEgp315T7W3nQq5P4xeOm186ZiPVFzw==",
      "dependencies": {
        "varint": "~5.0.0"
      }
    },
    "node_modules/streamx": {
      "version": "2.12.4",
      "resolved": "https://registry.npmjs.org/streamx/-/streamx-2.12.4.tgz",
      "integrity": "sha512-K3xdIp8YSkvbdI0PrCcP0JkniN8cPCyeKlcZgRFSl1o1xKINCYM93FryvTSOY57x73pz5/AjO5B8b9BYf21wWw==",
      "dependencies": {
        "fast-fifo": "^1.0.0",
        "queue-tick": "^1.0.0"
      }
    },
    "node_modules/varint": {
      "version": "5.0.2",
      "resolved": "https://registry.npmjs.org/varint/-/varint-5.0.2.tgz",
      "integrity": "sha512-lKxKYG6H03yCZUpAGOPOsMcGxd1RHCu1iKvEHYDPmTyq2HueGhD73ssNBqqQWfvYs04G9iUFRvmAVLW20Jw6ow=="
    }
  },
  "dependencies": {
    "arpeecee": {
      "version": "2.2.0",
      "resolved": "https://registry.npmjs.org/arpeecee/-/arpeecee-2.2.0.tgz",
      "integrity": "sha512-K6TLPj72xmqyC8sV0CgUWqO5GqmxT6Vn/y8JdraUqpTchWeOQMslvPuqACsD77cnsx/Y0Xq0lkQFzqh/uLD9lw==",
      "requires": {
        "streamx": "^2.6.0",
        "varint": "^5.0.0"
      }
    },
    "b4a": {
      "version": "1.6.0",
      "resolved": "https://registry.npmjs.org/b4a/-/b4a-1.6.0.tgz",
      "integrity": "sha512-fsTxXxj1081Yq5MOQ06gZ5+e2QcSyP2U6NofdOWyq+lrNI4IjkZ+fLVmoQ6uUCiNg1NWePMMVq93vOTdbJmErw=="
    },
    "call-me-maybe": {
      "version": "1.0.1",
      "resolved": "https://registry.npmjs.org/call-me-maybe/-/call-me-maybe-1.0.1.tgz",
      "integrity": "sha512-wCyFsDQkKPwwF8BDwOiWNx/9K45L/hvggQiDbve+viMNMQnWhrlYIuBk09offfwCRtCO9P6XwUttufzU11WCVw=="
    },
    "codecs": {
      "version": "2.2.0",
      "resolved": "https://registry.npmjs.org/codecs/-/codecs-2.2.0.tgz",
      "integrity": "sha512-+xi2ENsvchtUNa8oBUU58gHgmyN6BEEeZ8NIEgeQ0XnC+AoyihivgZYe+OOiNi+fLy/NUowugwV5gP8XWYDm0Q=="
    },
    "datom-streams": {
      "version": "1.0.0",
      "resolved": "https://registry.npmjs.org/datom-streams/-/datom-streams-1.0.0.tgz",
      "integrity": "sha512-SXwve+KXUbAhmZIFHNj9guajviPYDRzsEUTeovaV5MoLKXwYK7i4051npr18iAOaonTXcXt13tGjdanh2ukXuQ==",
      "requires": {
        "streamx": "^2.6.0"
      }
    },
    "datomspace-rpc": {
      "version": "1.0.0",
      "resolved": "https://registry.npmjs.org/datomspace-rpc/-/datomspace-rpc-1.0.0.tgz",
      "integrity": "sha512-AjnrDc7dZxadxAKyNxfdf1Vn/rZf0JTSDvMzVmEzqLbggboxbbuoSNMBKSPLjb356Li/cdO6msmLe7PPLb5DKg==",
      "requires": {
        "hrpc-runtime": "^2.0.0"
      }
    },
    "fast-fifo": {
      "version": "1.1.0",
      "resolved": "https://registry.npmjs.org/fast-fifo/-/fast-fifo-1.1.0.tgz",
      "integrity": "sha512-Kl29QoNbNvn4nhDsLYjyIAaIqaJB6rBx5p3sL9VjaefJ+eMFBWVZiaoguaoZfzEKr5RhAti0UgM8703akGPJ6g=="
    },
    "freemap": {
      "version": "1.0.1",
      "resolved": "https://registry.npmjs.org/freemap/-/freemap-1.0.1.tgz",
      "integrity": "sha512-14wmuUdlwYz3KrXwbtHe30k4oHnpDQjFrbx3GIkqZjE64hpwa6WDpvs/8p+08kZbhnip49Z58PX8t08E3H8m1g=="
    },
    "hrpc-runtime": {
      "version": "2.1.1",
      "resolved": "https://registry.npmjs.org/hrpc-runtime/-/hrpc-runtime-2.1.1.tgz",
      "integrity": "sha512-L9fSE/eMnJat/9TtlOVKFAiw2SlvB5RH/QbtSaNcYW/oWX1lBxwdrVTTcNOCWnSNLhDBgg5llxj9oM2SACB8WA==",
      "requires": {
        "arpeecee": "^2.0.0",
        "protocol-buffers-encodings": "^1.1.0"
      }
    },
    "inherits": {
      "version": "2.0.4",
      "resolved": "https://registry.npmjs.org/inherits/-/inherits-2.0.4.tgz",
      "integrity": "sha512-k/vGaX4/Yla3WzyMCvTQOXYeIHvqOKtnqBduzTHpzpQZzAskKMhZ2K+EnBiSM9zGSoIFeMpXKxa4dYeZIQqewQ=="
    },
    "inspect-custom-symbol": {
      "version": "1.1.1",
      "resolved": "https://registry.npmjs.org/inspect-custom-symbol/-/inspect-custom-symbol-1.1.1.tgz",
      "integrity": "sha512-GOucsp9EcdlLdhPUyOTvQDnbFJtp2WBWZV1Jqe+mVnkJQBL3w96+fB84C+JL+EKXOspMdB0eMDQPDp5w9fkfZA=="
    },
    "nanoresource": {
      "version": "1.3.0",
      "resolved": "https://registry.npmjs.org/nanoresource/-/nanoresource-1.3.0.tgz",
      "integrity": "sha512-OI5dswqipmlYfyL3k/YMm7mbERlh4Bd1KuKdMHpeoVD1iVxqxaTMKleB4qaA2mbQZ6/zMNSxCXv9M9P/YbqTuQ==",
      "requires": {
        "inherits": "^2.0.4"
      }
    },
    "nanoresource-promise": {
      "version": "1.2.2",
      "resolved": "https://registry.npmjs.org/nanoresource-promise/-/nanoresource-promise-1.2.2.tgz",
      "integrity": "sha512-XCRcRrCoTifA6XJqYaMqlHgWFrAq6aGNnXboRa/Dxa0TNkm3S13+RWCD7/XaB4ySunAmZzx81++OS4kqkDynuA==",
      "requires": {
        "nanoresource": "^1.3.0"
      }
    },
    "protocol-buffers-encodings": {
      "version": "1.2.0",
      "resolved": "https://registry.npmjs.org/protocol-buffers-encodings/-/protocol-buffers-encodings-1.2.0.tgz",
      "integrity": "sha512-daeNPuKh1NlLD1uDfbLpD+xyUTc07nEtfHwmBZmt/vH0B7VOM+JOCOpDcx9ZRpqHjAiIkGqyTDi+wfGSl17R9w==",
      "requires": {
        "b4a": "^1.6.0",
        "signed-varint": "^2.0.1",
        "varint": "5.0.0"
      },
      "dependencies": {
        "varint": {
          "version": "5.0.0",
          "resolved": "https://registry.npmjs.org/varint/-/varint-5.0.0.tgz",
          "integrity": "sha512-gC13b/bWrqQoKY2EmROCZ+AR0jitc6DnDGaQ6Ls9QpKmuSgJB1eQ7H3KETtQm7qSdMWMKCmsshyCmUwMLh3OAA=="
        }
      }
    },
    "queue-tick": {
      "version": "1.0.0",
      "resolved": "https://registry.npmjs.org/queue-tick/-/queue-tick-1.0.0.tgz",
      "integrity": "sha512-ULWhjjE8BmiICGn3G8+1L9wFpERNxkf8ysxkAer4+TFdRefDaXOCV5m92aMB9FtBVmn/8sETXLXY6BfW7hyaWQ=="
    },
    "signed-varint": {
      "version": "2.0.1",
      "resolved": "https://registry.npmjs.org/signed-varint/-/signed-varint-2.0.1.tgz",
      "integrity": "sha512-abgDPg1106vuZZOvw7cFwdCABddfJRz5akcCcchzTbhyhYnsG31y4AlZEgp315T7W3nQq5P4xeOm186ZiPVFzw==",
      "requires": {
        "varint": "~5.0.0"
      }
    },
    "streamx": {
      "version": "2.12.4",
      "resolved": "https://registry.npmjs.org/streamx/-/streamx-2.12.4.tgz",
      "integrity": "sha512-K3xdIp8YSkvbdI0PrCcP0JkniN8cPCyeKlcZgRFSl1o1xKINCYM93FryvTSOY57x73pz5/AjO5B8b9BYf21wWw==",
      "requires": {
        "fast-fifo": "^1.0.0",
        "queue-tick": "^1.0.0"
      }
    },
    "varint": {
      "version": "5.0.2",
      "resolved": "https://registry.npmjs.org/varint/-/varint-5.0.2.tgz",
      "integrity": "sha512-lKxKYG6H03yCZUpAGOPOsMcGxd1RHCu1iKvEHYDPmTyq2HueGhD73ssNBqqQWfvYs04G9iUFRvmAVLW20Jw6ow=="
    }
  }
}
